
Microsoft Visual Studio Solution File, Format Version 12.00
Project("{FAE04EC0-301F-11D3-BF4B-00C04F79EFBC}") = "AstanaTestTask", "AstanaTestTask\AstanaTestTask.csproj", "{523C12D3-14BE-4860-9C76-C85E8989C100}"
EndProject
Global
	GlobalSection(SolutionConfigurationPlatforms) = preSolution
		Debug|Any CPU = Debug|Any CPU
		Release|Any CPU = Release|Any CPU
	EndGlobalSection
	GlobalSection(ProjectConfigurationPlatforms) = postSolution
		{523C12D3-14BE-4860-9C76-C85E8989C100}.Debug|Any CPU.ActiveCfg = Debug|Any CPU
		{523C12D3-14BE-4860-9C76-C85E8989C100}.Debug|Any CPU.Build.0 = Debug|Any CPU
		{523C12D3-14BE-4860-9C76-C85E8989C100}.Release|Any CPU.ActiveCfg = Release|Any CPU
		{523C12D3-14BE-4860-9C76-C85E8989C100}.Release|Any CPU.Build.0 = Release|Any CPU
	EndGlobalSection
EndGlobal
